
Microsoft Visual Studio Solution File, Format Version 12.00
Project("{FAE04EC0-301F-11D3-BF4B-00C04F79EFBC}") = "EvenstorePlayPen", "EvenstorePlayPen\EvenstorePlayPen.csproj", "{DE37BC4D-EBEC-4DCA-BDE3-225750B856B9}"
EndProject
Global
	GlobalSection(SolutionConfigurationPlatforms) = preSolution
		Debug|Any CPU = Debug|Any CPU
		Release|Any CPU = Release|Any CPU
	EndGlobalSection
	GlobalSection(ProjectConfigurationPlatforms) = postSolution
		{DE37BC4D-EBEC-4DCA-BDE3-225750B856B9}.Debug|Any CPU.ActiveCfg = Debug|Any CPU
		{DE37BC4D-EBEC-4DCA-BDE3-225750B856B9}.Debug|Any CPU.Build.0 = Debug|Any CPU
		{DE37BC4D-EBEC-4DCA-BDE3-225750B856B9}.Release|Any CPU.ActiveCfg = Release|Any CPU
		{DE37BC4D-EBEC-4DCA-BDE3-225750B856B9}.Release|Any CPU.Build.0 = Release|Any CPU
	EndGlobalSection
EndGlobal
